// !$*UTF8*$!
{
	archiveVersion = 1;
	classes = {
	};
	objectVersion = 50;
	objects = {

/* Begin PBXBuildFile section */
		43124765211F3F4B00531BA4 /* AppDelegate.swift in Sources */ = {isa = PBXBuildFile; fileRef = 43124764211F3F4B00531BA4 /* AppDelegate.swift */; };
		43124767211F3F4B00531BA4 /* TemperatureViewController.swift in Sources */ = {isa = PBXBuildFile; fileRef = 43124766211F3F4B00531BA4 /* TemperatureViewController.swift */; };
		43124769211F3F4B00531BA4 /* WeightViewController.swift in Sources */ = {isa = PBXBuildFile; fileRef = 43124768211F3F4B00531BA4 /* WeightViewController.swift */; };
		4312476C211F3F4B00531BA4 /* Main.storyboard in Resources */ = {isa = PBXBuildFile; fileRef = 4312476A211F3F4B00531BA4 /* Main.storyboard */; };
		4312476E211F3F4C00531BA4 /* Assets.xcassets in Resources */ = {isa = PBXBuildFile; fileRef = 4312476D211F3F4C00531BA4 /* Assets.xcassets */; };
		43124771211F3F4C00531BA4 /* LaunchScreen.storyboard in Resources */ = {isa = PBXBuildFile; fileRef = 4312476F211F3F4C00531BA4 /* LaunchScreen.storyboard */; };
		4312477E2120A00A00531BA4 /* DistanceViewController.swift in Sources */ = {isa = PBXBuildFile; fileRef = 4312477D2120A00A00531BA4 /* DistanceViewController.swift */; };
		431247802120A01800531BA4 /* SpeedViewController.swift in Sources */ = {isa = PBXBuildFile; fileRef = 4312477F2120A01800531BA4 /* SpeedViewController.swift */; };
		431247822120A31F00531BA4 /* UnitModels.swift in Sources */ = {isa = PBXBuildFile; fileRef = 431247812120A31F00531BA4 /* UnitModels.swift */; };
		435FDAB021245DDE009F519F /* Enums.swift in Sources */ = {isa = PBXBuildFile; fileRef = 435FDAAF21245DDE009F519F /* Enums.swift */; };
		43778D0021279B6B00647E78 /* CommonMethods.swift in Sources */ = {isa = PBXBuildFile; fileRef = 43778CFF21279B6B00647E78 /* CommonMethods.swift */; };
/* End PBXBuildFile section */

/* Begin PBXFileReference section */
		43124761211F3F4B00531BA4 /* Units Converter.app */ = {isa = PBXFileReference; explicitFileType = wrapper.application; includeInIndex = 0; path = "Units Converter.app"; sourceTree = BUILT_PRODUCTS_DIR; };
		43124764211F3F4B00531BA4 /* AppDelegate.swift */ = {isa = PBXFileReference; lastKnownFileType = sourcecode.swift; path = AppDelegate.swift; sourceTree = "<group>"; };
		43124766211F3F4B00531BA4 /* TemperatureViewController.swift */ = {isa = PBXFileReference; lastKnownFileType = sourcecode.swift; path = TemperatureViewController.swift; sourceTree = "<group>"; };
		43124768211F3F4B00531BA4 /* WeightViewController.swift */ = {isa = PBXFileReference; lastKnownFileType = sourcecode.swift; path = WeightViewController.swift; sourceTree = "<group>"; };
		4312476B211F3F4B00531BA4 /* Base */ = {isa = PBXFileReference; lastKnownFileType = file.storyboard; name = Base; path = Base.lproj/Main.storyboard; sourceTree = "<group>"; };
		4312476D211F3F4C00531BA4 /* Assets.xcassets */ = {isa = PBXFileReference; lastKnownFileType = folder.assetcatalog; path = Assets.xcassets; sourceTree = "<group>"; };
		43124770211F3F4C00531BA4 /* Base */ = {isa = PBXFileReference; lastKnownFileType = file.storyboard; name = Base; path = Base.lproj/LaunchScreen.storyboard; sourceTree = "<group>"; };
		43124772211F3F4C00531BA4 /* Info.plist */ = {isa = PBXFileReference; lastKnownFileType = text.plist.xml; path = Info.plist; sourceTree = "<group>"; };
		4312477D2120A00A00531BA4 /* DistanceViewController.swift */ = {isa = PBXFileReference; lastKnownFileType = sourcecode.swift; path = DistanceViewController.swift; sourceTree = "<group>"; };
		4312477F2120A01800531BA4 /* SpeedViewController.swift */ = {isa = PBXFileReference; lastKnownFileType = sourcecode.swift; path = SpeedViewController.swift; sourceTree = "<group>"; };
		431247812120A31F00531BA4 /* UnitModels.swift */ = {isa = PBXFileReference; lastKnownFileType = sourcecode.swift; path = UnitModels.swift; sourceTree = "<group>"; };
		435FDAAF21245DDE009F519F /* Enums.swift */ = {isa = PBXFileReference; lastKnownFileType = sourcecode.swift; path = Enums.swift; sourceTree = "<group>"; };
		43778CFF21279B6B00647E78 /* CommonMethods.swift */ = {isa = PBXFileReference; lastKnownFileType = sourcecode.swift; path = CommonMethods.swift; sourceTree = "<group>"; };
/* End PBXFileReference section */

/* Begin PBXFrameworksBuildPhase section */
		4312475E211F3F4B00531BA4 /* Frameworks */ = {
			isa = PBXFrameworksBuildPhase;
			buildActionMask = 2147483647;
			files = (
			);
			runOnlyForDeploymentPostprocessing = 0;
		};
/* End PBXFrameworksBuildPhase section */

/* Begin PBXGroup section */
		43124758211F3F4B00531BA4 = {
			isa = PBXGroup;
			children = (
				43124763211F3F4B00531BA4 /* Units Converter */,
				43124762211F3F4B00531BA4 /* Products */,
			);
			sourceTree = "<group>";
		};
		43124762211F3F4B00531BA4 /* Products */ = {
			isa = PBXGroup;
			children = (
				43124761211F3F4B00531BA4 /* Units Converter.app */,
			);
			name = Products;
			sourceTree = "<group>";
		};
		43124763211F3F4B00531BA4 /* Units Converter */ = {
			isa = PBXGroup;
			children = (
				43778CFE21279B4D00647E78 /* Helpers */,
				4312477C21209FD200531BA4 /* Delegates */,
				4312477B21209FCA00531BA4 /* StoryBoards */,
				4312477A21209FC300531BA4 /* Models */,
				4312477921209FBB00531BA4 /* Services */,
				4312477821209FAC00531BA4 /* Controllers */,
				4312476D211F3F4C00531BA4 /* Assets.xcassets */,
				43124772211F3F4C00531BA4 /* Info.plist */,
			);
			path = "Units Converter";
			sourceTree = "<group>";
		};
		4312477821209FAC00531BA4 /* Controllers */ = {
			isa = PBXGroup;
			children = (
				43124768211F3F4B00531BA4 /* WeightViewController.swift */,
				43124766211F3F4B00531BA4 /* TemperatureViewController.swift */,
				4312477D2120A00A00531BA4 /* DistanceViewController.swift */,
				4312477F2120A01800531BA4 /* SpeedViewController.swift */,
			);
			path = Controllers;
			sourceTree = "<group>";
		};
		4312477921209FBB00531BA4 /* Services */ = {
			isa = PBXGroup;
			children = (
			);
			path = Services;
			sourceTree = "<group>";
		};
		4312477A21209FC300531BA4 /* Models */ = {
			isa = PBXGroup;
			children = (
				431247812120A31F00531BA4 /* UnitModels.swift */,
				435FDAAF21245DDE009F519F /* Enums.swift */,
			);
			path = Models;
			sourceTree = "<group>";
		};
		4312477B21209FCA00531BA4 /* StoryBoards */ = {
			isa = PBXGroup;
			children = (
				4312476F211F3F4C00531BA4 /* LaunchScreen.storyboard */,
				4312476A211F3F4B00531BA4 /* Main.storyboard */,
			);
			path = StoryBoards;
			sourceTree = "<group>";
		};
		4312477C21209FD200531BA4 /* Delegates */ = {
			isa = PBXGroup;
			children = (
				43124764211F3F4B00531BA4 /* AppDelegate.swift */,
			);
			path = Delegates;
			sourceTree = "<group>";
		};
		43778CFE21279B4D00647E78 /* Helpers */ = {
			isa = PBXGroup;
			children = (
				43778CFF21279B6B00647E78 /* CommonMethods.swift */,
			);
			path = Helpers;
			sourceTree = "<group>";
		};
/* End PBXGroup section */

/* Begin PBXNativeTarget section */
		43124760211F3F4B00531BA4 /* Units Converter */ = {
			isa = PBXNativeTarget;
			buildConfigurationList = 43124775211F3F4C00531BA4 /* Build configuration list for PBXNativeTarget "Units Converter" */;
			buildPhases = (
				4312475D211F3F4B00531BA4 /* Sources */,
				4312475E211F3F4B00531BA4 /* Frameworks */,
				4312475F211F3F4B00531BA4 /* Resources */,
			);
			buildRules = (
			);
			dependencies = (
			);
			name = "Units Converter";
			productName = "Units Converter";
			productReference = 43124761211F3F4B00531BA4 /* Units Converter.app */;
			productType = "com.apple.product-type.application";
		};
/* End PBXNativeTarget section */

/* Begin PBXProject section */
		43124759211F3F4B00531BA4 /* Project object */ = {
			isa = PBXProject;
			attributes = {
				LastSwiftUpdateCheck = 0940;
				LastUpgradeCheck = 0940;
				ORGANIZATIONNAME = sliit;
				TargetAttributes = {
					43124760211F3F4B00531BA4 = {
						CreatedOnToolsVersion = 9.4.1;
					};
				};
			};
			buildConfigurationList = 4312475C211F3F4B00531BA4 /* Build configuration list for PBXProject "Units Converter" */;
			compatibilityVersion = "Xcode 9.3";
			developmentRegion = en;
			hasScannedForEncodings = 0;
			knownRegions = (
				en,
				Base,
			);
			mainGroup = 43124758211F3F4B00531BA4;
			productRefGroup = 43124762211F3F4B00531BA4 /* Products */;
			projectDirPath = "";
			projectRoot = "";
			targets = (
				43124760211F3F4B00531BA4 /* Units Converter */,
			);
		};
/* End PBXProject section */

/* Begin PBXResourcesBuildPhase section */
		4312475F211F3F4B00531BA4 /* Resources */ = {
			isa = PBXResourcesBuildPhase;
			buildActionMask = 2147483647;
			files = (
				43124771211F3F4C00531BA4 /* LaunchScreen.storyboard in Resources */,
				4312476E211F3F4C00531BA4 /* Assets.xcassets in Resources */,
				4312476C211F3F4B00531BA4 /* Main.storyboard in Resources */,
			);
			runOnlyForDeploymentPostprocessing = 0;
		};
/* End PBXResourcesBuildPhase section */

/* Begin PBXSourcesBuildPhase section */
		4312475D211F3F4B00531BA4 /* Sources */ = {
			isa = PBXSourcesBuildPhase;
			buildActionMask = 2147483647;
			files = (
				43124769211F3F4B00531BA4 /* WeightViewController.swift in Sources */,
				431247802120A01800531BA4 /* SpeedViewController.swift in Sources */,
				4312477E2120A00A00531BA4 /* DistanceViewController.swift in Sources */,
				431247822120A31F00531BA4 /* UnitModels.swift in Sources */,
				43778D0021279B6B00647E78 /* CommonMethods.swift in Sources */,
				435FDAB021245DDE009F519F /* Enums.swift in Sources */,
				43124765211F3F4B00531BA4 /* AppDelegate.swift in Sources */,
				43124767211F3F4B00531BA4 /* TemperatureViewController.swift in Sources */,
			);
			runOnlyForDeploymentPostprocessing = 0;
		};
/* End PBXSourcesBuildPhase section */

/* Begin PBXVariantGroup section */
		4312476A211F3F4B00531BA4 /* Main.storyboard */ = {
			isa = PBXVariantGroup;
			children = (
				4312476B211F3F4B00531BA4 /* Base */,
			);
			name = Main.storyboard;
			sourceTree = "<group>";
		};
		4312476F211F3F4C00531BA4 /* LaunchScreen.storyboard */ = {
			isa = PBXVariantGroup;
			children = (
				43124770211F3F4C00531BA4 /* Base */,
			);
			name = LaunchScreen.storyboard;
			sourceTree = "<group>";
		};
/* End PBXVariantGroup section */

/* Begin XCBuildConfiguration section */
		43124773211F3F4C00531BA4 /* Debug */ = {
			isa = XCBuildConfiguration;
			buildSettings = {
				ALWAYS_SEARCH_USER_PATHS = NO;
				CLANG_ANALYZER_NONNULL = YES;
				CLANG_ANALYZER_NUMBER_OBJECT_CONVERSION = YES_AGGRESSIVE;
				CLANG_CXX_LANGUAGE_STANDARD = "gnu++14";
				CLANG_CXX_LIBRARY = "libc++";
				CLANG_ENABLE_MODULES = YES;
				CLANG_ENABLE_OBJC_ARC = YES;
				CLANG_ENABLE_OBJC_WEAK = YES;
				CLANG_WARN_BLOCK_CAPTURE_AUTORELEASING = YES;
				CLANG_WARN_BOOL_CONVERSION = YES;
				CLANG_WARN_COMMA = YES;
				CLANG_WARN_CONSTANT_CONVERSION = YES;
				CLANG_WARN_DEPRECATED_OBJC_IMPLEMENTATIONS = YES;
				CLANG_WARN_DIRECT_OBJC_ISA_USAGE = YES_ERROR;
				CLANG_WARN_DOCUMENTATION_COMMENTS = YES;
				CLANG_WARN_EMPTY_BODY = YES;
				CLANG_WARN_ENUM_CONVERSION = YES;
				CLANG_WARN_INFINITE_RECURSION = YES;
				CLANG_WARN_INT_CONVERSION = YES;
				CLANG_WARN_NON_LITERAL_NULL_CONVERSION = YES;
				CLANG_WARN_OBJC_IMPLICIT_RETAIN_SELF = YES;
				CLANG_WARN_OBJC_LITERAL_CONVERSION = YES;
				CLANG_WARN_OBJC_ROOT_CLASS = YES_ERROR;
				CLANG_WARN_RANGE_LOOP_ANALYSIS = YES;
				CLANG_WARN_STRICT_PROTOTYPES = YES;
				CLANG_WARN_SUSPICIOUS_MOVE = YES;
				CLANG_WARN_UNGUARDED_AVAILABILITY = YES_AGGRESSIVE;
				CLANG_WARN_UNREACHABLE_CODE = YES;
				CLANG_WARN__DUPLICATE_METHOD_MATCH = YES;
				CODE_SIGN_IDENTITY = "iPhone Developer";
				COPY_PHASE_STRIP = NO;
				DEBUG_INFORMATION_FORMAT = dwarf;
				ENABLE_STRICT_OBJC_MSGSEND = YES;
				ENABLE_TESTABILITY = YES;
				GCC_C_LANGUAGE_STANDARD = gnu11;
				GCC_DYNAMIC_NO_PIC = NO;
				GCC_NO_COMMON_BLOCKS = YES;
				GCC_OPTIMIZATION_LEVEL = 0;
				GCC_PREPROCESSOR_DEFINITIONS = (
					"DEBUG=1",
					"$(inherited)",
				);
				GCC_WARN_64_TO_32_BIT_CONVERSION = YES;
				GCC_WARN_ABOUT_RETURN_TYPE = YES_ERROR;
				GCC_WARN_UNDECLARED_SELECTOR = YES;
				GCC_WARN_UNINITIALIZED_AUTOS = YES_AGGRESSIVE;
				GCC_WARN_UNUSED_FUNCTION = YES;
				GCC_WARN_UNUSED_VARIABLE = YES;
				IPHONEOS_DEPLOYMENT_TARGET = 11.0;
				MTL_ENABLE_DEBUG_INFO = YES;
				ONLY_ACTIVE_ARCH = YES;
				SDKROOT = iphoneos;
				SWIFT_ACTIVE_COMPILATION_CONDITIONS = DEBUG;
				SWIFT_OPTIMIZATION_LEVEL = "-Onone";
			};
			name = Debug;
		};
		43124774211F3F4C00531BA4 /* Release */ = {
			isa = XCBuildConfiguration;
			buildSettings = {
				ALWAYS_SEARCH_USER_PATHS = NO;
				CLANG_ANALYZER_NONNULL = YES;
				CLANG_ANALYZER_NUMBER_OBJECT_CONVERSION = YES_AGGRESSIVE;
				CLANG_CXX_LANGUAGE_STANDARD = "gnu++14";
				CLANG_CXX_LIBRARY = "libc++";
				CLANG_ENABLE_MODULES = YES;
				CLANG_ENABLE_OBJC_ARC = YES;
				CLANG_ENABLE_OBJC_WEAK = YES;
				CLANG_WARN_BLOCK_CAPTURE_AUTORELEASING = YES;
				CLANG_WARN_BOOL_CONVERSION = YES;
				CLANG_WARN_COMMA = YES;
				CLANG_WARN_CONSTANT_CONVERSION = YES;
				CLANG_WARN_DEPRECATED_OBJC_IMPLEMENTATIONS = YES;
				CLANG_WARN_DIRECT_OBJC_ISA_USAGE = YES_ERROR;
				CLANG_WARN_DOCUMENTATION_COMMENTS = YES;
				CLANG_WARN_EMPTY_BODY = YES;
				CLANG_WARN_ENUM_CONVERSION = YES;
				CLANG_WARN_INFINITE_RECURSION = YES;
				CLANG_WARN_INT_CONVERSION = YES;
				CLANG_WARN_NON_LITERAL_NULL_CONVERSION = YES;
				CLANG_WARN_OBJC_IMPLICIT_RETAIN_SELF = YES;
				CLANG_WARN_OBJC_LITERAL_CONVERSION = YES;
				CLANG_WARN_OBJC_ROOT_CLASS = YES_ERROR;
				CLANG_WARN_RANGE_LOOP_ANALYSIS = YES;
				CLANG_WARN_STRICT_PROTOTYPES = YES;
				CLANG_WARN_SUSPICIOUS_MOVE = YES;
				CLANG_WARN_UNGUARDED_AVAILABILITY = YES_AGGRESSIVE;
				CLANG_WARN_UNREACHABLE_CODE = YES;
				CLANG_WARN__DUPLICATE_METHOD_MATCH = YES;
				CODE_SIGN_IDENTITY = "iPhone Developer";
				COPY_PHASE_STRIP = NO;
				DEBUG_INFORMATION_FORMAT = "dwarf-with-dsym";
				ENABLE_NS_ASSERTIONS = NO;
				ENABLE_STRICT_OBJC_MSGSEND = YES;
				GCC_C_LANGUAGE_STANDARD = gnu11;
				GCC_NO_COMMON_BLOCKS = YES;
				GCC_WARN_64_TO_32_BIT_CONVERSION = YES;
				GCC_WARN_ABOUT_RETURN_TYPE = YES_ERROR;
				GCC_WARN_UNDECLARED_SELECTOR = YES;
				GCC_WARN_UNINITIALIZED_AUTOS = YES_AGGRESSIVE;
				GCC_WARN_UNUSED_FUNCTION = YES;
				GCC_WARN_UNUSED_VARIABLE = YES;
				IPHONEOS_DEPLOYMENT_TARGET = 11.0;
				MTL_ENABLE_DEBUG_INFO = NO;
				SDKROOT = iphoneos;
				SWIFT_COMPILATION_MODE = wholemodule;
				SWIFT_OPTIMIZATION_LEVEL = "-O";
				VALIDATE_PRODUCT = YES;
			};
			name = Release;
		};
		43124776211F3F4C00531BA4 /* Debug */ = {
			isa = XCBuildConfiguration;
			buildSettings = {
				ASSETCATALOG_COMPILER_APPICON_NAME = AppIcon;
				CODE_SIGN_STYLE = Automatic;
				DEVELOPMENT_TEAM = F5834X6H4M;
				INFOPLIST_FILE = "Units Converter/Info.plist";
				IPHONEOS_DEPLOYMENT_TARGET = 11.0;
				LD_RUNPATH_SEARCH_PATHS = (
					"$(inherited)",
					"@executable_path/Frameworks",
				);
				PRODUCT_BUNDLE_IDENTIFIER = "com.sliit.Units-Converter";
				PRODUCT_NAME = "$(TARGET_NAME)";
				SWIFT_VERSION = 4.0;
				TARGETED_DEVICE_FAMILY = "1,2";
			};
			name = Debug;
		};
		43124777211F3F4C00531BA4 /* Release */ = {
			isa = XCBuildConfiguration;
			buildSettings = {
				ASSETCATALOG_COMPILER_APPICON_NAME = AppIcon;
				CODE_SIGN_STYLE = Automatic;
				DEVELOPMENT_TEAM = F5834X6H4M;
				INFOPLIST_FILE = "Units Converter/Info.plist";
				IPHONEOS_DEPLOYMENT_TARGET = 11.0;
				LD_RUNPATH_SEARCH_PATHS = (
					"$(inherited)",
					"@executable_path/Frameworks",
				);
				PRODUCT_BUNDLE_IDENTIFIER = "com.sliit.Units-Converter";
				PRODUCT_NAME = "$(TARGET_NAME)";
				SWIFT_VERSION = 4.0;
				TARGETED_DEVICE_FAMILY = "1,2";
			};
			name = Release;
		};
/* End XCBuildConfiguration section */

/* Begin XCConfigurationList section */
		4312475C211F3F4B00531BA4 /* Build configuration list for PBXProject "Units Converter" */ = {
			isa = XCConfigurationList;
			buildConfigurations = (
				43124773211F3F4C00531BA4 /* Debug */,
				43124774211F3F4C00531BA4 /* Release */,
			);
			defaultConfigurationIsVisible = 0;
			defaultConfigurationName = Release;
		};
		43124775211F3F4C00531BA4 /* Build configuration list for PBXNativeTarget "Units Converter" */ = {
			isa = XCConfigurationList;
			buildConfigurations = (
				43124776211F3F4C00531BA4 /* Debug */,
				43124777211F3F4C00531BA4 /* Release */,
			);
			defaultConfigurationIsVisible = 0;
			defaultConfigurationName = Release;
		};
/* End XCConfigurationList section */
	};
	rootObject = 43124759211F3F4B00531BA4 /* Project object */;
}
